
Microsoft Visual Studio Solution File, Format Version 12.00
# Visual Studio 15
VisualStudioVersion = 15.0.27703.2035
MinimumVisualStudioVersion = 10.0.40219.1
Project("{FAE04EC0-301F-11D3-BF4B-00C04F79EFBC}") = "If_Else_Quiz", "If_Else_Quiz\If_Else_Quiz.csproj", "{8BD9EEDB-7135-4FDA-AF3D-F22C7FBBD815}"
EndProject
Global
	GlobalSection(SolutionConfigurationPlatforms) = preSolution
		Debug|Any CPU = Debug|Any CPU
		Release|Any CPU = Release|Any CPU
	EndGlobalSection
	GlobalSection(ProjectConfigurationPlatforms) = postSolution
		{8BD9EEDB-7135-4FDA-AF3D-F22C7FBBD815}.Debug|Any CPU.ActiveCfg = Debug|Any CPU
		{8BD9EEDB-7135-4FDA-AF3D-F22C7FBBD815}.Debug|Any CPU.Build.0 = Debug|Any CPU
		{8BD9EEDB-7135-4FDA-AF3D-F22C7FBBD815}.Release|Any CPU.ActiveCfg = Release|Any CPU
		{8BD9EEDB-7135-4FDA-AF3D-F22C7FBBD815}.Release|Any CPU.Build.0 = Release|Any CPU
	EndGlobalSection
	GlobalSection(SolutionProperties) = preSolution
		HideSolutionNode = FALSE
	EndGlobalSection
	GlobalSection(ExtensibilityGlobals) = postSolution
		SolutionGuid = {F223293F-332C-4889-BBB8-508B7A0277B2}
	EndGlobalSection
EndGlobal
